// !$*UTF8*$!
{
	archiveVersion = 1;
	classes = {
	};
	objectVersion = 56;
	objects = {

/* Begin PBXBuildFile section */
		064C88582C66054500367597 /* NoFavoriteCitiesView.swift in Sources */ = {isa = PBXBuildFile; fileRef = 064C88572C66054500367597 /* NoFavoriteCitiesView.swift */; };
		069F69432C6608E10090C2BD /* RealmSwift in Frameworks */ = {isa = PBXBuildFile; productRef = 069F69422C6608E10090C2BD /* RealmSwift */; };
		069F69462C6610ED0090C2BD /* Realm.swift in Sources */ = {isa = PBXBuildFile; fileRef = 069F69452C6610ED0090C2BD /* Realm.swift */; };
		069F69482C6616660090C2BD /* CityView.swift in Sources */ = {isa = PBXBuildFile; fileRef = 069F69472C6616660090C2BD /* CityView.swift */; };
		069F694A2C6616A20090C2BD /* CityResultView.swift in Sources */ = {isa = PBXBuildFile; fileRef = 069F69492C6616A20090C2BD /* CityResultView.swift */; };
		06A84D9D2C65B53200F757BA /* WeatherForecastApp.swift in Sources */ = {isa = PBXBuildFile; fileRef = 06A84D9C2C65B53200F757BA /* WeatherForecastApp.swift */; };
		06A84D9F2C65B53200F757BA /* HomeView.swift in Sources */ = {isa = PBXBuildFile; fileRef = 06A84D9E2C65B53200F757BA /* HomeView.swift */; };
		06A84DA12C65B53300F757BA /* Assets.xcassets in Resources */ = {isa = PBXBuildFile; fileRef = 06A84DA02C65B53300F757BA /* Assets.xcassets */; };
		06A84DA42C65B53300F757BA /* Preview Assets.xcassets in Resources */ = {isa = PBXBuildFile; fileRef = 06A84DA32C65B53300F757BA /* Preview Assets.xcassets */; };
		06A84DAE2C65B53300F757BA /* WeatherForecastTests.swift in Sources */ = {isa = PBXBuildFile; fileRef = 06A84DAD2C65B53300F757BA /* WeatherForecastTests.swift */; };
		06A84DB82C65B53300F757BA /* WeatherForecastUITests.swift in Sources */ = {isa = PBXBuildFile; fileRef = 06A84DB72C65B53300F757BA /* WeatherForecastUITests.swift */; };
		06A84DBA2C65B53300F757BA /* WeatherForecastUITestsLaunchTests.swift in Sources */ = {isa = PBXBuildFile; fileRef = 06A84DB92C65B53300F757BA /* WeatherForecastUITestsLaunchTests.swift */; };
		06A84DCA2C65C66100F757BA /* HomeViewModel.swift in Sources */ = {isa = PBXBuildFile; fileRef = 06A84DC92C65C66100F757BA /* HomeViewModel.swift */; };
		06A84DCD2C65C7A000F757BA /* City.swift in Sources */ = {isa = PBXBuildFile; fileRef = 06A84DCC2C65C7A000F757BA /* City.swift */; };
		06A84DD02C65CBEB00F757BA /* APIClient.swift in Sources */ = {isa = PBXBuildFile; fileRef = 06A84DCF2C65CBEB00F757BA /* APIClient.swift */; };
		06A84DD32C65DBCB00F757BA /* API.swift in Sources */ = {isa = PBXBuildFile; fileRef = 06A84DD22C65DBCB00F757BA /* API.swift */; };
		06A84DD52C65DCEA00F757BA /* cities.json in Resources */ = {isa = PBXBuildFile; fileRef = 06A84DD42C65DCEA00F757BA /* cities.json */; };
		06A84DD82C65E10D00F757BA /* Decodable+File.swift in Sources */ = {isa = PBXBuildFile; fileRef = 06A84DD72C65E10D00F757BA /* Decodable+File.swift */; };
		06A84DDC2C65E14F00F757BA /* DI.swift in Sources */ = {isa = PBXBuildFile; fileRef = 06A84DDB2C65E14F00F757BA /* DI.swift */; };
		06A84DDF2C65E1FA00F757BA /* APIClientPreview.swift in Sources */ = {isa = PBXBuildFile; fileRef = 06A84DDE2C65E1FA00F757BA /* APIClientPreview.swift */; };
/* End PBXBuildFile section */

/* Begin PBXContainerItemProxy section */
		06A84DAA2C65B53300F757BA /* PBXContainerItemProxy */ = {
			isa = PBXContainerItemProxy;
			containerPortal = 06A84D912C65B53200F757BA /* Project object */;
			proxyType = 1;
			remoteGlobalIDString = 06A84D982C65B53200F757BA;
			remoteInfo = WeatherForecast;
		};
		06A84DB42C65B53300F757BA /* PBXContainerItemProxy */ = {
			isa = PBXContainerItemProxy;
			containerPortal = 06A84D912C65B53200F757BA /* Project object */;
			proxyType = 1;
			remoteGlobalIDString = 06A84D982C65B53200F757BA;
			remoteInfo = WeatherForecast;
		};
/* End PBXContainerItemProxy section */

/* Begin PBXFileReference section */
		064C88572C66054500367597 /* NoFavoriteCitiesView.swift */ = {isa = PBXFileReference; lastKnownFileType = sourcecode.swift; path = NoFavoriteCitiesView.swift; sourceTree = "<group>"; };
		069F69452C6610ED0090C2BD /* Realm.swift */ = {isa = PBXFileReference; lastKnownFileType = sourcecode.swift; path = Realm.swift; sourceTree = "<group>"; };
		069F69472C6616660090C2BD /* CityView.swift */ = {isa = PBXFileReference; lastKnownFileType = sourcecode.swift; path = CityView.swift; sourceTree = "<group>"; };
		069F69492C6616A20090C2BD /* CityResultView.swift */ = {isa = PBXFileReference; lastKnownFileType = sourcecode.swift; path = CityResultView.swift; sourceTree = "<group>"; };
		06A84D992C65B53200F757BA /* WeatherForecast.app */ = {isa = PBXFileReference; explicitFileType = wrapper.application; includeInIndex = 0; path = WeatherForecast.app; sourceTree = BUILT_PRODUCTS_DIR; };
		06A84D9C2C65B53200F757BA /* WeatherForecastApp.swift */ = {isa = PBXFileReference; lastKnownFileType = sourcecode.swift; path = WeatherForecastApp.swift; sourceTree = "<group>"; };
		06A84D9E2C65B53200F757BA /* HomeView.swift */ = {isa = PBXFileReference; lastKnownFileType = sourcecode.swift; path = HomeView.swift; sourceTree = "<group>"; };
		06A84DA02C65B53300F757BA /* Assets.xcassets */ = {isa = PBXFileReference; lastKnownFileType = folder.assetcatalog; path = Assets.xcassets; sourceTree = "<group>"; };
		06A84DA32C65B53300F757BA /* Preview Assets.xcassets */ = {isa = PBXFileReference; lastKnownFileType = folder.assetcatalog; path = "Preview Assets.xcassets"; sourceTree = "<group>"; };
		06A84DA92C65B53300F757BA /* WeatherForecastTests.xctest */ = {isa = PBXFileReference; explicitFileType = wrapper.cfbundle; includeInIndex = 0; path = WeatherForecastTests.xctest; sourceTree = BUILT_PRODUCTS_DIR; };
		06A84DAD2C65B53300F757BA /* WeatherForecastTests.swift */ = {isa = PBXFileReference; lastKnownFileType = sourcecode.swift; path = WeatherForecastTests.swift; sourceTree = "<group>"; };
		06A84DB32C65B53300F757BA /* WeatherForecastUITests.xctest */ = {isa = PBXFileReference; explicitFileType = wrapper.cfbundle; includeInIndex = 0; path = WeatherForecastUITests.xctest; sourceTree = BUILT_PRODUCTS_DIR; };
		06A84DB72C65B53300F757BA /* WeatherForecastUITests.swift */ = {isa = PBXFileReference; lastKnownFileType = sourcecode.swift; path = WeatherForecastUITests.swift; sourceTree = "<group>"; };
		06A84DB92C65B53300F757BA /* WeatherForecastUITestsLaunchTests.swift */ = {isa = PBXFileReference; lastKnownFileType = sourcecode.swift; path = WeatherForecastUITestsLaunchTests.swift; sourceTree = "<group>"; };
		06A84DC92C65C66100F757BA /* HomeViewModel.swift */ = {isa = PBXFileReference; lastKnownFileType = sourcecode.swift; path = HomeViewModel.swift; sourceTree = "<group>"; };
		06A84DCC2C65C7A000F757BA /* City.swift */ = {isa = PBXFileReference; lastKnownFileType = sourcecode.swift; path = City.swift; sourceTree = "<group>"; };
		06A84DCF2C65CBEB00F757BA /* APIClient.swift */ = {isa = PBXFileReference; lastKnownFileType = sourcecode.swift; path = APIClient.swift; sourceTree = "<group>"; };
		06A84DD12C65D5C900F757BA /* Info.plist */ = {isa = PBXFileReference; lastKnownFileType = text.plist; path = Info.plist; sourceTree = "<group>"; };
		06A84DD22C65DBCB00F757BA /* API.swift */ = {isa = PBXFileReference; lastKnownFileType = sourcecode.swift; path = API.swift; sourceTree = "<group>"; };
		06A84DD42C65DCEA00F757BA /* cities.json */ = {isa = PBXFileReference; lastKnownFileType = text.json; path = cities.json; sourceTree = "<group>"; };
		06A84DD72C65E10D00F757BA /* Decodable+File.swift */ = {isa = PBXFileReference; lastKnownFileType = sourcecode.swift; path = "Decodable+File.swift"; sourceTree = "<group>"; };
		06A84DDB2C65E14F00F757BA /* DI.swift */ = {isa = PBXFileReference; lastKnownFileType = sourcecode.swift; path = DI.swift; sourceTree = "<group>"; };
		06A84DDE2C65E1FA00F757BA /* APIClientPreview.swift */ = {isa = PBXFileReference; lastKnownFileType = sourcecode.swift; path = APIClientPreview.swift; sourceTree = "<group>"; };
/* End PBXFileReference section */

/* Begin PBXFrameworksBuildPhase section */
		06A84D962C65B53200F757BA /* Frameworks */ = {
			isa = PBXFrameworksBuildPhase;
			buildActionMask = 2147483647;
			files = (
				069F69432C6608E10090C2BD /* RealmSwift in Frameworks */,
			);
			runOnlyForDeploymentPostprocessing = 0;
		};
		06A84DA62C65B53300F757BA /* Frameworks */ = {
			isa = PBXFrameworksBuildPhase;
			buildActionMask = 2147483647;
			files = (
			);
			runOnlyForDeploymentPostprocessing = 0;
		};
		06A84DB02C65B53300F757BA /* Frameworks */ = {
			isa = PBXFrameworksBuildPhase;
			buildActionMask = 2147483647;
			files = (
			);
			runOnlyForDeploymentPostprocessing = 0;
		};
/* End PBXFrameworksBuildPhase section */

/* Begin PBXGroup section */
		064C88562C66053300367597 /* Views */ = {
			isa = PBXGroup;
			children = (
				064C88572C66054500367597 /* NoFavoriteCitiesView.swift */,
				069F69472C6616660090C2BD /* CityView.swift */,
				069F69492C6616A20090C2BD /* CityResultView.swift */,
			);
			path = Views;
			sourceTree = "<group>";
		};
		069F69442C660F9E0090C2BD /* Realm */ = {
			isa = PBXGroup;
			children = (
				069F69452C6610ED0090C2BD /* Realm.swift */,
			);
			path = Realm;
			sourceTree = "<group>";
		};
		069F694B2C6625DF0090C2BD /* Home */ = {
			isa = PBXGroup;
			children = (
				064C88562C66053300367597 /* Views */,
				06A84D9E2C65B53200F757BA /* HomeView.swift */,
				06A84DC92C65C66100F757BA /* HomeViewModel.swift */,
			);
			path = Home;
			sourceTree = "<group>";
		};
		069F694C2C6625ED0090C2BD /* City */ = {
			isa = PBXGroup;
			children = (
			);
			path = City;
			sourceTree = "<group>";
		};
		06A84D902C65B53200F757BA = {
			isa = PBXGroup;
			children = (
				06A84D9B2C65B53200F757BA /* WeatherForecast */,
				06A84DAC2C65B53300F757BA /* WeatherForecastTests */,
				06A84DB62C65B53300F757BA /* WeatherForecastUITests */,
				06A84D9A2C65B53200F757BA /* Products */,
			);
			sourceTree = "<group>";
		};
		06A84D9A2C65B53200F757BA /* Products */ = {
			isa = PBXGroup;
			children = (
				06A84D992C65B53200F757BA /* WeatherForecast.app */,
				06A84DA92C65B53300F757BA /* WeatherForecastTests.xctest */,
				06A84DB32C65B53300F757BA /* WeatherForecastUITests.xctest */,
			);
			name = Products;
			sourceTree = "<group>";
		};
		06A84D9B2C65B53200F757BA /* WeatherForecast */ = {
			isa = PBXGroup;
			children = (
				06A84DD12C65D5C900F757BA /* Info.plist */,
				06A84DC62C65B5ED00F757BA /* App */,
				06A84DC72C65B5F400F757BA /* Scenes */,
				06A84DCB2C65C79400F757BA /* Models */,
				06A84DCE2C65CBD400F757BA /* Services */,
				06A84DC82C65B5FD00F757BA /* Resources */,
				06A84DA22C65B53300F757BA /* Preview Content */,
			);
			path = WeatherForecast;
			sourceTree = "<group>";
		};
		06A84DA22C65B53300F757BA /* Preview Content */ = {
			isa = PBXGroup;
			children = (
				06A84DD92C65E12900F757BA /* Samples */,
				06A84DD62C65E08B00F757BA /* Extensions */,
				06A84DA32C65B53300F757BA /* Preview Assets.xcassets */,
			);
			path = "Preview Content";
			sourceTree = "<group>";
		};
		06A84DAC2C65B53300F757BA /* WeatherForecastTests */ = {
			isa = PBXGroup;
			children = (
				06A84DAD2C65B53300F757BA /* WeatherForecastTests.swift */,
			);
			path = WeatherForecastTests;
			sourceTree = "<group>";
		};
		06A84DB62C65B53300F757BA /* WeatherForecastUITests */ = {
			isa = PBXGroup;
			children = (
				06A84DB72C65B53300F757BA /* WeatherForecastUITests.swift */,
				06A84DB92C65B53300F757BA /* WeatherForecastUITestsLaunchTests.swift */,
			);
			path = WeatherForecastUITests;
			sourceTree = "<group>";
		};
		06A84DC62C65B5ED00F757BA /* App */ = {
			isa = PBXGroup;
			children = (
				06A84D9C2C65B53200F757BA /* WeatherForecastApp.swift */,
			);
			path = App;
			sourceTree = "<group>";
		};
		06A84DC72C65B5F400F757BA /* Scenes */ = {
			isa = PBXGroup;
			children = (
				069F694C2C6625ED0090C2BD /* City */,
				069F694B2C6625DF0090C2BD /* Home */,
			);
			path = Scenes;
			sourceTree = "<group>";
		};
		06A84DC82C65B5FD00F757BA /* Resources */ = {
			isa = PBXGroup;
			children = (
				06A84DA02C65B53300F757BA /* Assets.xcassets */,
			);
			path = Resources;
			sourceTree = "<group>";
		};
		06A84DCB2C65C79400F757BA /* Models */ = {
			isa = PBXGroup;
			children = (
				06A84DCC2C65C7A000F757BA /* City.swift */,
			);
			path = Models;
			sourceTree = "<group>";
		};
		06A84DCE2C65CBD400F757BA /* Services */ = {
			isa = PBXGroup;
			children = (
				06A84DDB2C65E14F00F757BA /* DI.swift */,
				06A84DDA2C65E14000F757BA /* APIClient */,
				069F69442C660F9E0090C2BD /* Realm */,
			);
			path = Services;
			sourceTree = "<group>";
		};
		06A84DD62C65E08B00F757BA /* Extensions */ = {
			isa = PBXGroup;
			children = (
				06A84DD72C65E10D00F757BA /* Decodable+File.swift */,
			);
			path = Extensions;
			sourceTree = "<group>";
		};
		06A84DD92C65E12900F757BA /* Samples */ = {
			isa = PBXGroup;
			children = (
				06A84DD42C65DCEA00F757BA /* cities.json */,
			);
			path = Samples;
			sourceTree = "<group>";
		};
		06A84DDA2C65E14000F757BA /* APIClient */ = {
			isa = PBXGroup;
			children = (
				06A84DDD2C65E1DE00F757BA /* Preview */,
				06A84DD22C65DBCB00F757BA /* API.swift */,
				06A84DCF2C65CBEB00F757BA /* APIClient.swift */,
			);
			path = APIClient;
			sourceTree = "<group>";
		};
		06A84DDD2C65E1DE00F757BA /* Preview */ = {
			isa = PBXGroup;
			children = (
				06A84DDE2C65E1FA00F757BA /* APIClientPreview.swift */,
			);
			path = Preview;
			sourceTree = "<group>";
		};
/* End PBXGroup section */

/* Begin PBXNativeTarget section */
		06A84D982C65B53200F757BA /* WeatherForecast */ = {
			isa = PBXNativeTarget;
			buildConfigurationList = 06A84DBD2C65B53300F757BA /* Build configuration list for PBXNativeTarget "WeatherForecast" */;
			buildPhases = (
				06A84D952C65B53200F757BA /* Sources */,
				06A84D962C65B53200F757BA /* Frameworks */,
				06A84D972C65B53200F757BA /* Resources */,
			);
			buildRules = (
			);
			dependencies = (
			);
			name = WeatherForecast;
			packageProductDependencies = (
				069F69422C6608E10090C2BD /* RealmSwift */,
			);
			productName = WeatherForecast;
			productReference = 06A84D992C65B53200F757BA /* WeatherForecast.app */;
			productType = "com.apple.product-type.application";
		};
		06A84DA82C65B53300F757BA /* WeatherForecastTests */ = {
			isa = PBXNativeTarget;
			buildConfigurationList = 06A84DC02C65B53300F757BA /* Build configuration list for PBXNativeTarget "WeatherForecastTests" */;
			buildPhases = (
				06A84DA52C65B53300F757BA /* Sources */,
				06A84DA62C65B53300F757BA /* Frameworks */,
				06A84DA72C65B53300F757BA /* Resources */,
			);
			buildRules = (
			);
			dependencies = (
				06A84DAB2C65B53300F757BA /* PBXTargetDependency */,
			);
			name = WeatherForecastTests;
			productName = WeatherForecastTests;
			productReference = 06A84DA92C65B53300F757BA /* WeatherForecastTests.xctest */;
			productType = "com.apple.product-type.bundle.unit-test";
		};
		06A84DB22C65B53300F757BA /* WeatherForecastUITests */ = {
			isa = PBXNativeTarget;
			buildConfigurationList = 06A84DC32C65B53300F757BA /* Build configuration list for PBXNativeTarget "WeatherForecastUITests" */;
			buildPhases = (
				06A84DAF2C65B53300F757BA /* Sources */,
				06A84DB02C65B53300F757BA /* Frameworks */,
				06A84DB12C65B53300F757BA /* Resources */,
			);
			buildRules = (
			);
			dependencies = (
				06A84DB52C65B53300F757BA /* PBXTargetDependency */,
			);
			name = WeatherForecastUITests;
			productName = WeatherForecastUITests;
			productReference = 06A84DB32C65B53300F757BA /* WeatherForecastUITests.xctest */;
			productType = "com.apple.product-type.bundle.ui-testing";
		};
/* End PBXNativeTarget section */

/* Begin PBXProject section */
		06A84D912C65B53200F757BA /* Project object */ = {
			isa = PBXProject;
			attributes = {
				BuildIndependentTargetsInParallel = 1;
				LastSwiftUpdateCheck = 1540;
				LastUpgradeCheck = 1540;
				TargetAttributes = {
					06A84D982C65B53200F757BA = {
						CreatedOnToolsVersion = 15.4;
					};
					06A84DA82C65B53300F757BA = {
						CreatedOnToolsVersion = 15.4;
						TestTargetID = 06A84D982C65B53200F757BA;
					};
					06A84DB22C65B53300F757BA = {
						CreatedOnToolsVersion = 15.4;
						TestTargetID = 06A84D982C65B53200F757BA;
					};
				};
			};
			buildConfigurationList = 06A84D942C65B53200F757BA /* Build configuration list for PBXProject "WeatherForecast" */;
			compatibilityVersion = "Xcode 14.0";
			developmentRegion = en;
			hasScannedForEncodings = 0;
			knownRegions = (
				en,
				Base,
			);
			mainGroup = 06A84D902C65B53200F757BA;
			packageReferences = (
				069F69412C6608E10090C2BD /* XCRemoteSwiftPackageReference "realm-swift" */,
			);
			productRefGroup = 06A84D9A2C65B53200F757BA /* Products */;
			projectDirPath = "";
			projectRoot = "";
			targets = (
				06A84D982C65B53200F757BA /* WeatherForecast */,
				06A84DA82C65B53300F757BA /* WeatherForecastTests */,
				06A84DB22C65B53300F757BA /* WeatherForecastUITests */,
			);
		};
/* End PBXProject section */

/* Begin PBXResourcesBuildPhase section */
		06A84D972C65B53200F757BA /* Resources */ = {
			isa = PBXResourcesBuildPhase;
			buildActionMask = 2147483647;
			files = (
				06A84DD52C65DCEA00F757BA /* cities.json in Resources */,
				06A84DA42C65B53300F757BA /* Preview Assets.xcassets in Resources */,
				06A84DA12C65B53300F757BA /* Assets.xcassets in Resources */,
			);
			runOnlyForDeploymentPostprocessing = 0;
		};
		06A84DA72C65B53300F757BA /* Resources */ = {
			isa = PBXResourcesBuildPhase;
			buildActionMask = 2147483647;
			files = (
			);
			runOnlyForDeploymentPostprocessing = 0;
		};
		06A84DB12C65B53300F757BA /* Resources */ = {
			isa = PBXResourcesBuildPhase;
			buildActionMask = 2147483647;
			files = (
			);
			runOnlyForDeploymentPostprocessing = 0;
		};
/* End PBXResourcesBuildPhase section */

/* Begin PBXSourcesBuildPhase section */
		06A84D952C65B53200F757BA /* Sources */ = {
			isa = PBXSourcesBuildPhase;
			buildActionMask = 2147483647;
			files = (
				06A84DDF2C65E1FA00F757BA /* APIClientPreview.swift in Sources */,
				069F69482C6616660090C2BD /* CityView.swift in Sources */,
				06A84DDC2C65E14F00F757BA /* DI.swift in Sources */,
				06A84D9F2C65B53200F757BA /* HomeView.swift in Sources */,
				069F69462C6610ED0090C2BD /* Realm.swift in Sources */,
				06A84DCA2C65C66100F757BA /* HomeViewModel.swift in Sources */,
				06A84DCD2C65C7A000F757BA /* City.swift in Sources */,
				069F694A2C6616A20090C2BD /* CityResultView.swift in Sources */,
				06A84DD02C65CBEB00F757BA /* APIClient.swift in Sources */,
				064C88582C66054500367597 /* NoFavoriteCitiesView.swift in Sources */,
				06A84DD32C65DBCB00F757BA /* API.swift in Sources */,
				06A84D9D2C65B53200F757BA /* WeatherForecastApp.swift in Sources */,
				06A84DD82C65E10D00F757BA /* Decodable+File.swift in Sources */,
			);
			runOnlyForDeploymentPostprocessing = 0;
		};
		06A84DA52C65B53300F757BA /* Sources */ = {
			isa = PBXSourcesBuildPhase;
			buildActionMask = 2147483647;
			files = (
				06A84DAE2C65B53300F757BA /* WeatherForecastTests.swift in Sources */,
			);
			runOnlyForDeploymentPostprocessing = 0;
		};
		06A84DAF2C65B53300F757BA /* Sources */ = {
			isa = PBXSourcesBuildPhase;
			buildActionMask = 2147483647;
			files = (
				06A84DBA2C65B53300F757BA /* WeatherForecastUITestsLaunchTests.swift in Sources */,
				06A84DB82C65B53300F757BA /* WeatherForecastUITests.swift in Sources */,
			);
			runOnlyForDeploymentPostprocessing = 0;
		};
/* End PBXSourcesBuildPhase section */

/* Begin PBXTargetDependency section */
		06A84DAB2C65B53300F757BA /* PBXTargetDependency */ = {
			isa = PBXTargetDependency;
			target = 06A84D982C65B53200F757BA /* WeatherForecast */;
			targetProxy = 06A84DAA2C65B53300F757BA /* PBXContainerItemProxy */;
		};
		06A84DB52C65B53300F757BA /* PBXTargetDependency */ = {
			isa = PBXTargetDependency;
			target = 06A84D982C65B53200F757BA /* WeatherForecast */;
			targetProxy = 06A84DB42C65B53300F757BA /* PBXContainerItemProxy */;
		};
/* End PBXTargetDependency section */

/* Begin XCBuildConfiguration section */
		06A84DBB2C65B53300F757BA /* Debug */ = {
			isa = XCBuildConfiguration;
			buildSettings = {
				ALWAYS_SEARCH_USER_PATHS = NO;
				ASSETCATALOG_COMPILER_GENERATE_SWIFT_ASSET_SYMBOL_EXTENSIONS = YES;
				CLANG_ANALYZER_NONNULL = YES;
				CLANG_ANALYZER_NUMBER_OBJECT_CONVERSION = YES_AGGRESSIVE;
				CLANG_CXX_LANGUAGE_STANDARD = "gnu++20";
				CLANG_ENABLE_MODULES = YES;
				CLANG_ENABLE_OBJC_ARC = YES;
				CLANG_ENABLE_OBJC_WEAK = YES;
				CLANG_WARN_BLOCK_CAPTURE_AUTORELEASING = YES;
				CLANG_WARN_BOOL_CONVERSION = YES;
				CLANG_WARN_COMMA = YES;
				CLANG_WARN_CONSTANT_CONVERSION = YES;
				CLANG_WARN_DEPRECATED_OBJC_IMPLEMENTATIONS = YES;
				CLANG_WARN_DIRECT_OBJC_ISA_USAGE = YES_ERROR;
				CLANG_WARN_DOCUMENTATION_COMMENTS = YES;
				CLANG_WARN_EMPTY_BODY = YES;
				CLANG_WARN_ENUM_CONVERSION = YES;
				CLANG_WARN_INFINITE_RECURSION = YES;
				CLANG_WARN_INT_CONVERSION = YES;
				CLANG_WARN_NON_LITERAL_NULL_CONVERSION = YES;
				CLANG_WARN_OBJC_IMPLICIT_RETAIN_SELF = YES;
				CLANG_WARN_OBJC_LITERAL_CONVERSION = YES;
				CLANG_WARN_OBJC_ROOT_CLASS = YES_ERROR;
				CLANG_WARN_QUOTED_INCLUDE_IN_FRAMEWORK_HEADER = YES;
				CLANG_WARN_RANGE_LOOP_ANALYSIS = YES;
				CLANG_WARN_STRICT_PROTOTYPES = YES;
				CLANG_WARN_SUSPICIOUS_MOVE = YES;
				CLANG_WARN_UNGUARDED_AVAILABILITY = YES_AGGRESSIVE;
				CLANG_WARN_UNREACHABLE_CODE = YES;
				CLANG_WARN__DUPLICATE_METHOD_MATCH = YES;
				COPY_PHASE_STRIP = NO;
				DEBUG_INFORMATION_FORMAT = dwarf;
				ENABLE_STRICT_OBJC_MSGSEND = YES;
				ENABLE_TESTABILITY = YES;
				ENABLE_USER_SCRIPT_SANDBOXING = YES;
				GCC_C_LANGUAGE_STANDARD = gnu17;
				GCC_DYNAMIC_NO_PIC = NO;
				GCC_NO_COMMON_BLOCKS = YES;
				GCC_OPTIMIZATION_LEVEL = 0;
				GCC_PREPROCESSOR_DEFINITIONS = (
					"DEBUG=1",
					"$(inherited)",
				);
				GCC_WARN_64_TO_32_BIT_CONVERSION = YES;
				GCC_WARN_ABOUT_RETURN_TYPE = YES_ERROR;
				GCC_WARN_UNDECLARED_SELECTOR = YES;
				GCC_WARN_UNINITIALIZED_AUTOS = YES_AGGRESSIVE;
				GCC_WARN_UNUSED_FUNCTION = YES;
				GCC_WARN_UNUSED_VARIABLE = YES;
				IPHONEOS_DEPLOYMENT_TARGET = 17.5;
				LOCALIZATION_PREFERS_STRING_CATALOGS = YES;
				MTL_ENABLE_DEBUG_INFO = INCLUDE_SOURCE;
				MTL_FAST_MATH = YES;
				ONLY_ACTIVE_ARCH = YES;
				SDKROOT = iphoneos;
				SWIFT_ACTIVE_COMPILATION_CONDITIONS = "DEBUG $(inherited)";
				SWIFT_OPTIMIZATION_LEVEL = "-Onone";
			};
			name = Debug;
		};
		06A84DBC2C65B53300F757BA /* Release */ = {
			isa = XCBuildConfiguration;
			buildSettings = {
				ALWAYS_SEARCH_USER_PATHS = NO;
				ASSETCATALOG_COMPILER_GENERATE_SWIFT_ASSET_SYMBOL_EXTENSIONS = YES;
				CLANG_ANALYZER_NONNULL = YES;
				CLANG_ANALYZER_NUMBER_OBJECT_CONVERSION = YES_AGGRESSIVE;
				CLANG_CXX_LANGUAGE_STANDARD = "gnu++20";
				CLANG_ENABLE_MODULES = YES;
				CLANG_ENABLE_OBJC_ARC = YES;
				CLANG_ENABLE_OBJC_WEAK = YES;
				CLANG_WARN_BLOCK_CAPTURE_AUTORELEASING = YES;
				CLANG_WARN_BOOL_CONVERSION = YES;
				CLANG_WARN_COMMA = YES;
				CLANG_WARN_CONSTANT_CONVERSION = YES;
				CLANG_WARN_DEPRECATED_OBJC_IMPLEMENTATIONS = YES;
				CLANG_WARN_DIRECT_OBJC_ISA_USAGE = YES_ERROR;
				CLANG_WARN_DOCUMENTATION_COMMENTS = YES;
				CLANG_WARN_EMPTY_BODY = YES;
				CLANG_WARN_ENUM_CONVERSION = YES;
				CLANG_WARN_INFINITE_RECURSION = YES;
				CLANG_WARN_INT_CONVERSION = YES;
				CLANG_WARN_NON_LITERAL_NULL_CONVERSION = YES;
				CLANG_WARN_OBJC_IMPLICIT_RETAIN_SELF = YES;
				CLANG_WARN_OBJC_LITERAL_CONVERSION = YES;
				CLANG_WARN_OBJC_ROOT_CLASS = YES_ERROR;
				CLANG_WARN_QUOTED_INCLUDE_IN_FRAMEWORK_HEADER = YES;
				CLANG_WARN_RANGE_LOOP_ANALYSIS = YES;
				CLANG_WARN_STRICT_PROTOTYPES = YES;
				CLANG_WARN_SUSPICIOUS_MOVE = YES;
				CLANG_WARN_UNGUARDED_AVAILABILITY = YES_AGGRESSIVE;
				CLANG_WARN_UNREACHABLE_CODE = YES;
				CLANG_WARN__DUPLICATE_METHOD_MATCH = YES;
				COPY_PHASE_STRIP = NO;
				DEBUG_INFORMATION_FORMAT = "dwarf-with-dsym";
				ENABLE_NS_ASSERTIONS = NO;
				ENABLE_STRICT_OBJC_MSGSEND = YES;
				ENABLE_USER_SCRIPT_SANDBOXING = YES;
				GCC_C_LANGUAGE_STANDARD = gnu17;
				GCC_NO_COMMON_BLOCKS = YES;
				GCC_WARN_64_TO_32_BIT_CONVERSION = YES;
				GCC_WARN_ABOUT_RETURN_TYPE = YES_ERROR;
				GCC_WARN_UNDECLARED_SELECTOR = YES;
				GCC_WARN_UNINITIALIZED_AUTOS = YES_AGGRESSIVE;
				GCC_WARN_UNUSED_FUNCTION = YES;
				GCC_WARN_UNUSED_VARIABLE = YES;
				IPHONEOS_DEPLOYMENT_TARGET = 17.5;
				LOCALIZATION_PREFERS_STRING_CATALOGS = YES;
				MTL_ENABLE_DEBUG_INFO = NO;
				MTL_FAST_MATH = YES;
				SDKROOT = iphoneos;
				SWIFT_COMPILATION_MODE = wholemodule;
				VALIDATE_PRODUCT = YES;
			};
			name = Release;
		};
		06A84DBE2C65B53300F757BA /* Debug */ = {
			isa = XCBuildConfiguration;
			buildSettings = {
				ASSETCATALOG_COMPILER_APPICON_NAME = AppIcon;
				ASSETCATALOG_COMPILER_GLOBAL_ACCENT_COLOR_NAME = AccentColor;
				CODE_SIGN_STYLE = Manual;
				CURRENT_PROJECT_VERSION = 1;
				DEVELOPMENT_ASSET_PATHS = "\"WeatherForecast/Preview Content\"";
				DEVELOPMENT_TEAM = "";
				ENABLE_PREVIEWS = YES;
				GENERATE_INFOPLIST_FILE = YES;
				INFOPLIST_FILE = WeatherForecast/Info.plist;
				INFOPLIST_KEY_UIApplicationSceneManifest_Generation = YES;
				INFOPLIST_KEY_UIApplicationSupportsIndirectInputEvents = YES;
				INFOPLIST_KEY_UILaunchScreen_Generation = YES;
				INFOPLIST_KEY_UISupportedInterfaceOrientations_iPad = "UIInterfaceOrientationPortrait UIInterfaceOrientationPortraitUpsideDown UIInterfaceOrientationLandscapeLeft UIInterfaceOrientationLandscapeRight";
				INFOPLIST_KEY_UISupportedInterfaceOrientations_iPhone = "UIInterfaceOrientationPortrait UIInterfaceOrientationLandscapeLeft UIInterfaceOrientationLandscapeRight";
				IPHONEOS_DEPLOYMENT_TARGET = 16.0;
				LD_RUNPATH_SEARCH_PATHS = (
					"$(inherited)",
					"@executable_path/Frameworks",
				);
				MARKETING_VERSION = 1.0;
				PRODUCT_BUNDLE_IDENTIFIER = hoangta.WeatherForecast;
				PRODUCT_NAME = "$(TARGET_NAME)";
				PROVISIONING_PROFILE_SPECIFIER = "";
				SWIFT_EMIT_LOC_STRINGS = YES;
				SWIFT_VERSION = 5.0;
				TARGETED_DEVICE_FAMILY = "1,2";
			};
			name = Debug;
		};
		06A84DBF2C65B53300F757BA /* Release */ = {
			isa = XCBuildConfiguration;
			buildSettings = {
				ASSETCATALOG_COMPILER_APPICON_NAME = AppIcon;
				ASSETCATALOG_COMPILER_GLOBAL_ACCENT_COLOR_NAME = AccentColor;
				CODE_SIGN_STYLE = Manual;
				CURRENT_PROJECT_VERSION = 1;
				DEVELOPMENT_ASSET_PATHS = "\"WeatherForecast/Preview Content\"";
				DEVELOPMENT_TEAM = "";
				ENABLE_PREVIEWS = YES;
				GENERATE_INFOPLIST_FILE = YES;
				INFOPLIST_FILE = WeatherForecast/Info.plist;
				INFOPLIST_KEY_UIApplicationSceneManifest_Generation = YES;
				INFOPLIST_KEY_UIApplicationSupportsIndirectInputEvents = YES;
				INFOPLIST_KEY_UILaunchScreen_Generation = YES;
				INFOPLIST_KEY_UISupportedInterfaceOrientations_iPad = "UIInterfaceOrientationPortrait UIInterfaceOrientationPortraitUpsideDown UIInterfaceOrientationLandscapeLeft UIInterfaceOrientationLandscapeRight";
				INFOPLIST_KEY_UISupportedInterfaceOrientations_iPhone = "UIInterfaceOrientationPortrait UIInterfaceOrientationLandscapeLeft UIInterfaceOrientationLandscapeRight";
				IPHONEOS_DEPLOYMENT_TARGET = 16.0;
				LD_RUNPATH_SEARCH_PATHS = (
					"$(inherited)",
					"@executable_path/Frameworks",
				);
				MARKETING_VERSION = 1.0;
				PRODUCT_BUNDLE_IDENTIFIER = hoangta.WeatherForecast;
				PRODUCT_NAME = "$(TARGET_NAME)";
				PROVISIONING_PROFILE_SPECIFIER = "";
				SWIFT_EMIT_LOC_STRINGS = YES;
				SWIFT_VERSION = 5.0;
				TARGETED_DEVICE_FAMILY = "1,2";
			};
			name = Release;
		};
		06A84DC12C65B53300F757BA /* Debug */ = {
			isa = XCBuildConfiguration;
			buildSettings = {
				ALWAYS_EMBED_SWIFT_STANDARD_LIBRARIES = YES;
				BUNDLE_LOADER = "$(TEST_HOST)";
				CODE_SIGN_STYLE = Automatic;
				CURRENT_PROJECT_VERSION = 1;
				GENERATE_INFOPLIST_FILE = YES;
				IPHONEOS_DEPLOYMENT_TARGET = 17.5;
				MARKETING_VERSION = 1.0;
				PRODUCT_BUNDLE_IDENTIFIER = hoangta.WeatherForecastTests;
				PRODUCT_NAME = "$(TARGET_NAME)";
				SWIFT_EMIT_LOC_STRINGS = NO;
				SWIFT_VERSION = 5.0;
				TARGETED_DEVICE_FAMILY = "1,2";
				TEST_HOST = "$(BUILT_PRODUCTS_DIR)/WeatherForecast.app/$(BUNDLE_EXECUTABLE_FOLDER_PATH)/WeatherForecast";
			};
			name = Debug;
		};
		06A84DC22C65B53300F757BA /* Release */ = {
			isa = XCBuildConfiguration;
			buildSettings = {
				ALWAYS_EMBED_SWIFT_STANDARD_LIBRARIES = YES;
				BUNDLE_LOADER = "$(TEST_HOST)";
				CODE_SIGN_STYLE = Automatic;
				CURRENT_PROJECT_VERSION = 1;
				GENERATE_INFOPLIST_FILE = YES;
				IPHONEOS_DEPLOYMENT_TARGET = 17.5;
				MARKETING_VERSION = 1.0;
				PRODUCT_BUNDLE_IDENTIFIER = hoangta.WeatherForecastTests;
				PRODUCT_NAME = "$(TARGET_NAME)";
				SWIFT_EMIT_LOC_STRINGS = NO;
				SWIFT_VERSION = 5.0;
				TARGETED_DEVICE_FAMILY = "1,2";
				TEST_HOST = "$(BUILT_PRODUCTS_DIR)/WeatherForecast.app/$(BUNDLE_EXECUTABLE_FOLDER_PATH)/WeatherForecast";
			};
			name = Release;
		};
		06A84DC42C65B53300F757BA /* Debug */ = {
			isa = XCBuildConfiguration;
			buildSettings = {
				ALWAYS_EMBED_SWIFT_STANDARD_LIBRARIES = YES;
				CODE_SIGN_STYLE = Automatic;
				CURRENT_PROJECT_VERSION = 1;
				GENERATE_INFOPLIST_FILE = YES;
				MARKETING_VERSION = 1.0;
				PRODUCT_BUNDLE_IDENTIFIER = hoangta.WeatherForecastUITests;
				PRODUCT_NAME = "$(TARGET_NAME)";
				SWIFT_EMIT_LOC_STRINGS = NO;
				SWIFT_VERSION = 5.0;
				TARGETED_DEVICE_FAMILY = "1,2";
				TEST_TARGET_NAME = WeatherForecast;
			};
			name = Debug;
		};
		06A84DC52C65B53300F757BA /* Release */ = {
			isa = XCBuildConfiguration;
			buildSettings = {
				ALWAYS_EMBED_SWIFT_STANDARD_LIBRARIES = YES;
				CODE_SIGN_STYLE = Automatic;
				CURRENT_PROJECT_VERSION = 1;
				GENERATE_INFOPLIST_FILE = YES;
				MARKETING_VERSION = 1.0;
				PRODUCT_BUNDLE_IDENTIFIER = hoangta.WeatherForecastUITests;
				PRODUCT_NAME = "$(TARGET_NAME)";
				SWIFT_EMIT_LOC_STRINGS = NO;
				SWIFT_VERSION = 5.0;
				TARGETED_DEVICE_FAMILY = "1,2";
				TEST_TARGET_NAME = WeatherForecast;
			};
			name = Release;
		};
/* End XCBuildConfiguration section */

/* Begin XCConfigurationList section */
		06A84D942C65B53200F757BA /* Build configuration list for PBXProject "WeatherForecast" */ = {
			isa = XCConfigurationList;
			buildConfigurations = (
				06A84DBB2C65B53300F757BA /* Debug */,
				06A84DBC2C65B53300F757BA /* Release */,
			);
			defaultConfigurationIsVisible = 0;
			defaultConfigurationName = Release;
		};
		06A84DBD2C65B53300F757BA /* Build configuration list for PBXNativeTarget "WeatherForecast" */ = {
			isa = XCConfigurationList;
			buildConfigurations = (
				06A84DBE2C65B53300F757BA /* Debug */,
				06A84DBF2C65B53300F757BA /* Release */,
			);
			defaultConfigurationIsVisible = 0;
			defaultConfigurationName = Release;
		};
		06A84DC02C65B53300F757BA /* Build configuration list for PBXNativeTarget "WeatherForecastTests" */ = {
			isa = XCConfigurationList;
			buildConfigurations = (
				06A84DC12C65B53300F757BA /* Debug */,
				06A84DC22C65B53300F757BA /* Release */,
			);
			defaultConfigurationIsVisible = 0;
			defaultConfigurationName = Release;
		};
		06A84DC32C65B53300F757BA /* Build configuration list for PBXNativeTarget "WeatherForecastUITests" */ = {
			isa = XCConfigurationList;
			buildConfigurations = (
				06A84DC42C65B53300F757BA /* Debug */,
				06A84DC52C65B53300F757BA /* Release */,
			);
			defaultConfigurationIsVisible = 0;
			defaultConfigurationName = Release;
		};
/* End XCConfigurationList section */

/* Begin XCRemoteSwiftPackageReference section */
		069F69412C6608E10090C2BD /* XCRemoteSwiftPackageReference "realm-swift" */ = {
			isa = XCRemoteSwiftPackageReference;
			repositoryURL = "https://github.com/realm/realm-swift";
			requirement = {
				kind = exactVersion;
				version = 10.52.2;
			};
		};
/* End XCRemoteSwiftPackageReference section */

/* Begin XCSwiftPackageProductDependency section */
		069F69422C6608E10090C2BD /* RealmSwift */ = {
			isa = XCSwiftPackageProductDependency;
			package = 069F69412C6608E10090C2BD /* XCRemoteSwiftPackageReference "realm-swift" */;
			productName = RealmSwift;
		};
/* End XCSwiftPackageProductDependency section */
	};
	rootObject = 06A84D912C65B53200F757BA /* Project object */;
}
